# This file is automatically @generated by Cargo.
# It is not intended for manual editing.
version = 3

[[package]]
name = "byteorder"
version = "1.4.3"
source = "registry+https://github.com/rust-lang/crates.io-index"
checksum = "14c189c53d098945499cdfa7ecc63567cf3886b3332b312a5b4585d8d3a6a610"

[[package]]
name = "cfb"
version = "0.6.1"
source = "registry+https://github.com/rust-lang/crates.io-index"
checksum = "74f89d248799e3f15f91b70917f65381062a01bb8e222700ea0e5a7ff9785f9c"
dependencies = [
 "byteorder",
 "uuid",
]

[[package]]
name = "raaf"
version = "0.1.0"
dependencies = [
 "byteorder",
 "cfb",
 "uuid",
]

[[package]]
name = "uuid"
version = "0.8.2"
source = "registry+https://github.com/rust-lang/crates.io-index"
checksum = "bc5cf98d8186244414c848017f0e2676b3fcb46807f6668a97dfe67359a3c4b7"
